// !$*UTF8*$!
{
	archiveVersion = 1;
	classes = {
	};
	objectVersion = 46;
	objects = {

/* Begin PBXBuildFile section */
		DA5773661A15F7E800EB44A0 /* MainViewController.m in Sources */ = {isa = PBXBuildFile; fileRef = DA5773631A15F7E800EB44A0 /* MainViewController.m */; };
		DA5773671A15F7E800EB44A0 /* MenuTableViewController.m in Sources */ = {isa = PBXBuildFile; fileRef = DA5773651A15F7E800EB44A0 /* MenuTableViewController.m */; };
		DAB729EE1A14FA20005A0DB9 /* main.m in Sources */ = {isa = PBXBuildFile; fileRef = DAB729ED1A14FA20005A0DB9 /* main.m */; };
		DAB729F11A14FA20005A0DB9 /* AppDelegate.m in Sources */ = {isa = PBXBuildFile; fileRef = DAB729F01A14FA20005A0DB9 /* AppDelegate.m */; };
		DAB729F71A14FA20005A0DB9 /* Main.storyboard in Resources */ = {isa = PBXBuildFile; fileRef = DAB729F51A14FA20005A0DB9 /* Main.storyboard */; };
		DAB729F91A14FA20005A0DB9 /* Images.xcassets in Resources */ = {isa = PBXBuildFile; fileRef = DAB729F81A14FA20005A0DB9 /* Images.xcassets */; };
		DAB729FC1A14FA20005A0DB9 /* LaunchScreen.xib in Resources */ = {isa = PBXBuildFile; fileRef = DAB729FA1A14FA20005A0DB9 /* LaunchScreen.xib */; };
		DAB72A081A14FA20005A0DB9 /* menuTests.m in Sources */ = {isa = PBXBuildFile; fileRef = DAB72A071A14FA20005A0DB9 /* menuTests.m */; };
		DAB72A161A14FB47005A0DB9 /* NotMainViewController.m in Sources */ = {isa = PBXBuildFile; fileRef = DAB72A151A14FB47005A0DB9 /* NotMainViewController.m */; };
		DAB72A1C1A15011C005A0DB9 /* CoreViewController.m in Sources */ = {isa = PBXBuildFile; fileRef = DAB72A1B1A15011C005A0DB9 /* CoreViewController.m */; };
/* End PBXBuildFile section */

/* Begin PBXContainerItemProxy section */
		DAB72A021A14FA20005A0DB9 /* PBXContainerItemProxy */ = {
			isa = PBXContainerItemProxy;
			containerPortal = DAB729E01A14FA20005A0DB9 /* Project object */;
			proxyType = 1;
			remoteGlobalIDString = DAB729E71A14FA20005A0DB9;
			remoteInfo = menu;
		};
/* End PBXContainerItemProxy section */

/* Begin PBXFileReference section */
		DA5773621A15F7E800EB44A0 /* MainViewController.h */ = {isa = PBXFileReference; fileEncoding = 4; lastKnownFileType = sourcecode.c.h; path = MainViewController.h; sourceTree = "<group>"; };
		DA5773631A15F7E800EB44A0 /* MainViewController.m */ = {isa = PBXFileReference; fileEncoding = 4; lastKnownFileType = sourcecode.c.objc; path = MainViewController.m; sourceTree = "<group>"; };
		DA5773641A15F7E800EB44A0 /* MenuTableViewController.h */ = {isa = PBXFileReference; fileEncoding = 4; lastKnownFileType = sourcecode.c.h; path = MenuTableViewController.h; sourceTree = "<group>"; };
		DA5773651A15F7E800EB44A0 /* MenuTableViewController.m */ = {isa = PBXFileReference; fileEncoding = 4; lastKnownFileType = sourcecode.c.objc; path = MenuTableViewController.m; sourceTree = "<group>"; };
		DAB729E81A14FA20005A0DB9 /* menu.app */ = {isa = PBXFileReference; explicitFileType = wrapper.application; includeInIndex = 0; path = menu.app; sourceTree = BUILT_PRODUCTS_DIR; };
		DAB729EC1A14FA20005A0DB9 /* Info.plist */ = {isa = PBXFileReference; lastKnownFileType = text.plist.xml; path = Info.plist; sourceTree = "<group>"; };
		DAB729ED1A14FA20005A0DB9 /* main.m */ = {isa = PBXFileReference; lastKnownFileType = sourcecode.c.objc; path = main.m; sourceTree = "<group>"; };
		DAB729EF1A14FA20005A0DB9 /* AppDelegate.h */ = {isa = PBXFileReference; lastKnownFileType = sourcecode.c.h; path = AppDelegate.h; sourceTree = "<group>"; };
		DAB729F01A14FA20005A0DB9 /* AppDelegate.m */ = {isa = PBXFileReference; lastKnownFileType = sourcecode.c.objc; path = AppDelegate.m; sourceTree = "<group>"; };
		DAB729F61A14FA20005A0DB9 /* Base */ = {isa = PBXFileReference; lastKnownFileType = file.storyboard; name = Base; path = Base.lproj/Main.storyboard; sourceTree = "<group>"; };
		DAB729F81A14FA20005A0DB9 /* Images.xcassets */ = {isa = PBXFileReference; lastKnownFileType = folder.assetcatalog; path = Images.xcassets; sourceTree = "<group>"; };
		DAB729FB1A14FA20005A0DB9 /* Base */ = {isa = PBXFileReference; lastKnownFileType = file.xib; name = Base; path = Base.lproj/LaunchScreen.xib; sourceTree = "<group>"; };
		DAB72A011A14FA20005A0DB9 /* menuTests.xctest */ = {isa = PBXFileReference; explicitFileType = wrapper.cfbundle; includeInIndex = 0; path = menuTests.xctest; sourceTree = BUILT_PRODUCTS_DIR; };
		DAB72A061A14FA20005A0DB9 /* Info.plist */ = {isa = PBXFileReference; lastKnownFileType = text.plist.xml; path = Info.plist; sourceTree = "<group>"; };
		DAB72A071A14FA20005A0DB9 /* menuTests.m */ = {isa = PBXFileReference; lastKnownFileType = sourcecode.c.objc; path = menuTests.m; sourceTree = "<group>"; };
		DAB72A141A14FB47005A0DB9 /* NotMainViewController.h */ = {isa = PBXFileReference; fileEncoding = 4; lastKnownFileType = sourcecode.c.h; path = NotMainViewController.h; sourceTree = "<group>"; };
		DAB72A151A14FB47005A0DB9 /* NotMainViewController.m */ = {isa = PBXFileReference; fileEncoding = 4; lastKnownFileType = sourcecode.c.objc; path = NotMainViewController.m; sourceTree = "<group>"; };
		DAB72A1A1A15011C005A0DB9 /* CoreViewController.h */ = {isa = PBXFileReference; fileEncoding = 4; lastKnownFileType = sourcecode.c.h; path = CoreViewController.h; sourceTree = "<group>"; };
		DAB72A1B1A15011C005A0DB9 /* CoreViewController.m */ = {isa = PBXFileReference; fileEncoding = 4; lastKnownFileType = sourcecode.c.objc; path = CoreViewController.m; sourceTree = "<group>"; };
/* End PBXFileReference section */

/* Begin PBXFrameworksBuildPhase section */
		DAB729E51A14FA20005A0DB9 /* Frameworks */ = {
			isa = PBXFrameworksBuildPhase;
			buildActionMask = 2147483647;
			files = (
			);
			runOnlyForDeploymentPostprocessing = 0;
		};
		DAB729FE1A14FA20005A0DB9 /* Frameworks */ = {
			isa = PBXFrameworksBuildPhase;
			buildActionMask = 2147483647;
			files = (
			);
			runOnlyForDeploymentPostprocessing = 0;
		};
/* End PBXFrameworksBuildPhase section */

/* Begin PBXGroup section */
		DA5773681A15F7EF00EB44A0 /* Core */ = {
			isa = PBXGroup;
			children = (
				DAB729EF1A14FA20005A0DB9 /* AppDelegate.h */,
				DAB729F01A14FA20005A0DB9 /* AppDelegate.m */,
			);
			name = Core;
			sourceTree = "<group>";
		};
		DA5773691A15F7F800EB44A0 /* Controllers */ = {
			isa = PBXGroup;
			children = (
				DAB72A1A1A15011C005A0DB9 /* CoreViewController.h */,
				DAB72A1B1A15011C005A0DB9 /* CoreViewController.m */,
				DA5773641A15F7E800EB44A0 /* MenuTableViewController.h */,
				DA5773651A15F7E800EB44A0 /* MenuTableViewController.m */,
				DA5773621A15F7E800EB44A0 /* MainViewController.h */,
				DA5773631A15F7E800EB44A0 /* MainViewController.m */,
				DAB72A141A14FB47005A0DB9 /* NotMainViewController.h */,
				DAB72A151A14FB47005A0DB9 /* NotMainViewController.m */,
			);
			name = Controllers;
			sourceTree = "<group>";
		};
		DA57736A1A15F7FE00EB44A0 /* Views */ = {
			isa = PBXGroup;
			children = (
				DAB729F51A14FA20005A0DB9 /* Main.storyboard */,
				DAB729FA1A14FA20005A0DB9 /* LaunchScreen.xib */,
			);
			name = Views;
			sourceTree = "<group>";
		};
		DAB729DF1A14FA20005A0DB9 = {
			isa = PBXGroup;
			children = (
				DAB729EA1A14FA20005A0DB9 /* menu */,
				DAB72A041A14FA20005A0DB9 /* menuTests */,
				DAB729E91A14FA20005A0DB9 /* Products */,
			);
			sourceTree = "<group>";
		};
		DAB729E91A14FA20005A0DB9 /* Products */ = {
			isa = PBXGroup;
			children = (
				DAB729E81A14FA20005A0DB9 /* menu.app */,
				DAB72A011A14FA20005A0DB9 /* menuTests.xctest */,
			);
			name = Products;
			sourceTree = "<group>";
		};
		DAB729EA1A14FA20005A0DB9 /* menu */ = {
			isa = PBXGroup;
			children = (
				DA5773681A15F7EF00EB44A0 /* Core */,
				DA5773691A15F7F800EB44A0 /* Controllers */,
				DA57736A1A15F7FE00EB44A0 /* Views */,
				DAB729F81A14FA20005A0DB9 /* Images.xcassets */,
				DAB729EB1A14FA20005A0DB9 /* Supporting Files */,
			);
			path = menu;
			sourceTree = "<group>";
		};
		DAB729EB1A14FA20005A0DB9 /* Supporting Files */ = {
			isa = PBXGroup;
			children = (
				DAB729EC1A14FA20005A0DB9 /* Info.plist */,
				DAB729ED1A14FA20005A0DB9 /* main.m */,
			);
			name = "Supporting Files";
			sourceTree = "<group>";
		};
		DAB72A041A14FA20005A0DB9 /* menuTests */ = {
			isa = PBXGroup;
			children = (
				DAB72A071A14FA20005A0DB9 /* menuTests.m */,
				DAB72A051A14FA20005A0DB9 /* Supporting Files */,
			);
			path = menuTests;
			sourceTree = "<group>";
		};
		DAB72A051A14FA20005A0DB9 /* Supporting Files */ = {
			isa = PBXGroup;
			children = (
				DAB72A061A14FA20005A0DB9 /* Info.plist */,
			);
			name = "Supporting Files";
			sourceTree = "<group>";
		};
/* End PBXGroup section */

/* Begin PBXNativeTarget section */
		DAB729E71A14FA20005A0DB9 /* menu */ = {
			isa = PBXNativeTarget;
			buildConfigurationList = DAB72A0B1A14FA20005A0DB9 /* Build configuration list for PBXNativeTarget "menu" */;
			buildPhases = (
				DAB729E41A14FA20005A0DB9 /* Sources */,
				DAB729E51A14FA20005A0DB9 /* Frameworks */,
				DAB729E61A14FA20005A0DB9 /* Resources */,
			);
			buildRules = (
			);
			dependencies = (
			);
			name = menu;
			productName = menu;
			productReference = DAB729E81A14FA20005A0DB9 /* menu.app */;
			productType = "com.apple.product-type.application";
		};
		DAB72A001A14FA20005A0DB9 /* menuTests */ = {
			isa = PBXNativeTarget;
			buildConfigurationList = DAB72A0E1A14FA20005A0DB9 /* Build configuration list for PBXNativeTarget "menuTests" */;
			buildPhases = (
				DAB729FD1A14FA20005A0DB9 /* Sources */,
				DAB729FE1A14FA20005A0DB9 /* Frameworks */,
				DAB729FF1A14FA20005A0DB9 /* Resources */,
			);
			buildRules = (
			);
			dependencies = (
				DAB72A031A14FA20005A0DB9 /* PBXTargetDependency */,
			);
			name = menuTests;
			productName = menuTests;
			productReference = DAB72A011A14FA20005A0DB9 /* menuTests.xctest */;
			productType = "com.apple.product-type.bundle.unit-test";
		};
/* End PBXNativeTarget section */

/* Begin PBXProject section */
		DAB729E01A14FA20005A0DB9 /* Project object */ = {
			isa = PBXProject;
			attributes = {
				LastUpgradeCheck = 0600;
				ORGANIZATIONNAME = "Paul Jackson";
				TargetAttributes = {
					DAB729E71A14FA20005A0DB9 = {
						CreatedOnToolsVersion = 6.0.1;
					};
					DAB72A001A14FA20005A0DB9 = {
						CreatedOnToolsVersion = 6.0.1;
						TestTargetID = DAB729E71A14FA20005A0DB9;
					};
				};
			};
			buildConfigurationList = DAB729E31A14FA20005A0DB9 /* Build configuration list for PBXProject "menu" */;
			compatibilityVersion = "Xcode 3.2";
			developmentRegion = English;
			hasScannedForEncodings = 0;
			knownRegions = (
				en,
				Base,
			);
			mainGroup = DAB729DF1A14FA20005A0DB9;
			productRefGroup = DAB729E91A14FA20005A0DB9 /* Products */;
			projectDirPath = "";
			projectRoot = "";
			targets = (
				DAB729E71A14FA20005A0DB9 /* menu */,
				DAB72A001A14FA20005A0DB9 /* menuTests */,
			);
		};
/* End PBXProject section */

/* Begin PBXResourcesBuildPhase section */
		DAB729E61A14FA20005A0DB9 /* Resources */ = {
			isa = PBXResourcesBuildPhase;
			buildActionMask = 2147483647;
			files = (
				DAB729F71A14FA20005A0DB9 /* Main.storyboard in Resources */,
				DAB729FC1A14FA20005A0DB9 /* LaunchScreen.xib in Resources */,
				DAB729F91A14FA20005A0DB9 /* Images.xcassets in Resources */,
			);
			runOnlyForDeploymentPostprocessing = 0;
		};
		DAB729FF1A14FA20005A0DB9 /* Resources */ = {
			isa = PBXResourcesBuildPhase;
			buildActionMask = 2147483647;
			files = (
			);
			runOnlyForDeploymentPostprocessing = 0;
		};
/* End PBXResourcesBuildPhase section */

/* Begin PBXSourcesBuildPhase section */
		DAB729E41A14FA20005A0DB9 /* Sources */ = {
			isa = PBXSourcesBuildPhase;
			buildActionMask = 2147483647;
			files = (
				DAB729F11A14FA20005A0DB9 /* AppDelegate.m in Sources */,
				DAB72A1C1A15011C005A0DB9 /* CoreViewController.m in Sources */,
				DAB72A161A14FB47005A0DB9 /* NotMainViewController.m in Sources */,
				DA5773661A15F7E800EB44A0 /* MainViewController.m in Sources */,
				DA5773671A15F7E800EB44A0 /* MenuTableViewController.m in Sources */,
				DAB729EE1A14FA20005A0DB9 /* main.m in Sources */,
			);
			runOnlyForDeploymentPostprocessing = 0;
		};
		DAB729FD1A14FA20005A0DB9 /* Sources */ = {
			isa = PBXSourcesBuildPhase;
			buildActionMask = 2147483647;
			files = (
				DAB72A081A14FA20005A0DB9 /* menuTests.m in Sources */,
			);
			runOnlyForDeploymentPostprocessing = 0;
		};
/* End PBXSourcesBuildPhase section */

/* Begin PBXTargetDependency section */
		DAB72A031A14FA20005A0DB9 /* PBXTargetDependency */ = {
			isa = PBXTargetDependency;
			target = DAB729E71A14FA20005A0DB9 /* menu */;
			targetProxy = DAB72A021A14FA20005A0DB9 /* PBXContainerItemProxy */;
		};
/* End PBXTargetDependency section */

/* Begin PBXVariantGroup section */
		DAB729F51A14FA20005A0DB9 /* Main.storyboard */ = {
			isa = PBXVariantGroup;
			children = (
				DAB729F61A14FA20005A0DB9 /* Base */,
			);
			name = Main.storyboard;
			sourceTree = "<group>";
		};
		DAB729FA1A14FA20005A0DB9 /* LaunchScreen.xib */ = {
			isa = PBXVariantGroup;
			children = (
				DAB729FB1A14FA20005A0DB9 /* Base */,
			);
			name = LaunchScreen.xib;
			sourceTree = "<group>";
		};
/* End PBXVariantGroup section */

/* Begin XCBuildConfiguration section */
		DAB72A091A14FA20005A0DB9 /* Debug */ = {
			isa = XCBuildConfiguration;
			buildSettings = {
				ALWAYS_SEARCH_USER_PATHS = NO;
				CLANG_CXX_LANGUAGE_STANDARD = "gnu++0x";
				CLANG_CXX_LIBRARY = "libc++";
				CLANG_ENABLE_MODULES = YES;
				CLANG_ENABLE_OBJC_ARC = YES;
				CLANG_WARN_BOOL_CONVERSION = YES;
				CLANG_WARN_CONSTANT_CONVERSION = YES;
				CLANG_WARN_DIRECT_OBJC_ISA_USAGE = YES_ERROR;
				CLANG_WARN_EMPTY_BODY = YES;
				CLANG_WARN_ENUM_CONVERSION = YES;
				CLANG_WARN_INT_CONVERSION = YES;
				CLANG_WARN_OBJC_ROOT_CLASS = YES_ERROR;
				CLANG_WARN_UNREACHABLE_CODE = YES;
				CLANG_WARN__DUPLICATE_METHOD_MATCH = YES;
				"CODE_SIGN_IDENTITY[sdk=iphoneos*]" = "iPhone Developer";
				COPY_PHASE_STRIP = NO;
				ENABLE_STRICT_OBJC_MSGSEND = YES;
				GCC_C_LANGUAGE_STANDARD = gnu99;
				GCC_DYNAMIC_NO_PIC = NO;
				GCC_OPTIMIZATION_LEVEL = 0;
				GCC_PREPROCESSOR_DEFINITIONS = (
					"DEBUG=1",
					"$(inherited)",
				);
				GCC_SYMBOLS_PRIVATE_EXTERN = NO;
				GCC_WARN_64_TO_32_BIT_CONVERSION = YES;
				GCC_WARN_ABOUT_RETURN_TYPE = YES_ERROR;
				GCC_WARN_UNDECLARED_SELECTOR = YES;
				GCC_WARN_UNINITIALIZED_AUTOS = YES_AGGRESSIVE;
				GCC_WARN_UNUSED_FUNCTION = YES;
				GCC_WARN_UNUSED_VARIABLE = YES;
				IPHONEOS_DEPLOYMENT_TARGET = 8.0;
				MTL_ENABLE_DEBUG_INFO = YES;
				ONLY_ACTIVE_ARCH = YES;
				SDKROOT = iphoneos;
			};
			name = Debug;
		};
		DAB72A0A1A14FA20005A0DB9 /* Release */ = {
			isa = XCBuildConfiguration;
			buildSettings = {
				ALWAYS_SEARCH_USER_PATHS = NO;
				CLANG_CXX_LANGUAGE_STANDARD = "gnu++0x";
				CLANG_CXX_LIBRARY = "libc++";
				CLANG_ENABLE_MODULES = YES;
				CLANG_ENABLE_OBJC_ARC = YES;
				CLANG_WARN_BOOL_CONVERSION = YES;
				CLANG_WARN_CONSTANT_CONVERSION = YES;
				CLANG_WARN_DIRECT_OBJC_ISA_USAGE = YES_ERROR;
				CLANG_WARN_EMPTY_BODY = YES;
				CLANG_WARN_ENUM_CONVERSION = YES;
				CLANG_WARN_INT_CONVERSION = YES;
				CLANG_WARN_OBJC_ROOT_CLASS = YES_ERROR;
				CLANG_WARN_UNREACHABLE_CODE = YES;
				CLANG_WARN__DUPLICATE_METHOD_MATCH = YES;
				"CODE_SIGN_IDENTITY[sdk=iphoneos*]" = "iPhone Developer";
				COPY_PHASE_STRIP = YES;
				ENABLE_NS_ASSERTIONS = NO;
				ENABLE_STRICT_OBJC_MSGSEND = YES;
				GCC_C_LANGUAGE_STANDARD = gnu99;
				GCC_WARN_64_TO_32_BIT_CONVERSION = YES;
				GCC_WARN_ABOUT_RETURN_TYPE = YES_ERROR;
				GCC_WARN_UNDECLARED_SELECTOR = YES;
				GCC_WARN_UNINITIALIZED_AUTOS = YES_AGGRESSIVE;
				GCC_WARN_UNUSED_FUNCTION = YES;
				GCC_WARN_UNUSED_VARIABLE = YES;
				IPHONEOS_DEPLOYMENT_TARGET = 8.0;
				MTL_ENABLE_DEBUG_INFO = NO;
				SDKROOT = iphoneos;
				VALIDATE_PRODUCT = YES;
			};
			name = Release;
		};
		DAB72A0C1A14FA20005A0DB9 /* Debug */ = {
			isa = XCBuildConfiguration;
			buildSettings = {
				ASSETCATALOG_COMPILER_APPICON_NAME = AppIcon;
				INFOPLIST_FILE = menu/Info.plist;
				LD_RUNPATH_SEARCH_PATHS = "$(inherited) @executable_path/Frameworks";
				PRODUCT_NAME = "$(TARGET_NAME)";
			};
			name = Debug;
		};
		DAB72A0D1A14FA20005A0DB9 /* Release */ = {
			isa = XCBuildConfiguration;
			buildSettings = {
				ASSETCATALOG_COMPILER_APPICON_NAME = AppIcon;
				INFOPLIST_FILE = menu/Info.plist;
				LD_RUNPATH_SEARCH_PATHS = "$(inherited) @executable_path/Frameworks";
				PRODUCT_NAME = "$(TARGET_NAME)";
			};
			name = Release;
		};
		DAB72A0F1A14FA20005A0DB9 /* Debug */ = {
			isa = XCBuildConfiguration;
			buildSettings = {
				BUNDLE_LOADER = "$(TEST_HOST)";
				FRAMEWORK_SEARCH_PATHS = (
					"$(SDKROOT)/Developer/Library/Frameworks",
					"$(inherited)",
				);
				GCC_PREPROCESSOR_DEFINITIONS = (
					"DEBUG=1",
					"$(inherited)",
				);
				INFOPLIST_FILE = menuTests/Info.plist;
				LD_RUNPATH_SEARCH_PATHS = "$(inherited) @executable_path/Frameworks @loader_path/Frameworks";
				PRODUCT_NAME = "$(TARGET_NAME)";
				TEST_HOST = "$(BUILT_PRODUCTS_DIR)/menu.app/menu";
			};
			name = Debug;
		};
		DAB72A101A14FA20005A0DB9 /* Release */ = {
			isa = XCBuildConfiguration;
			buildSettings = {
				BUNDLE_LOADER = "$(TEST_HOST)";
				FRAMEWORK_SEARCH_PATHS = (
					"$(SDKROOT)/Developer/Library/Frameworks",
					"$(inherited)",
				);
				INFOPLIST_FILE = menuTests/Info.plist;
				LD_RUNPATH_SEARCH_PATHS = "$(inherited) @executable_path/Frameworks @loader_path/Frameworks";
				PRODUCT_NAME = "$(TARGET_NAME)";
				TEST_HOST = "$(BUILT_PRODUCTS_DIR)/menu.app/menu";
			};
			name = Release;
		};
/* End XCBuildConfiguration section */

/* Begin XCConfigurationList section */
		DAB729E31A14FA20005A0DB9 /* Build configuration list for PBXProject "menu" */ = {
			isa = XCConfigurationList;
			buildConfigurations = (
				DAB72A091A14FA20005A0DB9 /* Debug */,
				DAB72A0A1A14FA20005A0DB9 /* Release */,
			);
			defaultConfigurationIsVisible = 0;
			defaultConfigurationName = Release;
		};
		DAB72A0B1A14FA20005A0DB9 /* Build configuration list for PBXNativeTarget "menu" */ = {
			isa = XCConfigurationList;
			buildConfigurations = (
				DAB72A0C1A14FA20005A0DB9 /* Debug */,
				DAB72A0D1A14FA20005A0DB9 /* Release */,
			);
			defaultConfigurationIsVisible = 0;
			defaultConfigurationName = Release;
		};
		DAB72A0E1A14FA20005A0DB9 /* Build configuration list for PBXNativeTarget "menuTests" */ = {
			isa = XCConfigurationList;
			buildConfigurations = (
				DAB72A0F1A14FA20005A0DB9 /* Debug */,
				DAB72A101A14FA20005A0DB9 /* Release */,
			);
			defaultConfigurationIsVisible = 0;
			defaultConfigurationName = Release;
		};
/* End XCConfigurationList section */
	};
	rootObject = DAB729E01A14FA20005A0DB9 /* Project object */;
}
